{
  "originHash" : "083a260d06551e259130681a563f513aeb79a9c3881eeac75b39f52def3e1e35",
  "pins" : [
    {
      "identity" : "rigi-ios-spm",
      "kind" : "remoteSourceControl",
      "location" : "https://github.com/xtrf/rigi-ios-spm",
      "state" : {
        "revision" : "e8950a6d9ab1a324531426eb9183478cf7ff8af5",
        "version" : "0.9.3"
      }
    }
  ],
  "version" : 3
}
